// !$*UTF8*$!
{
	archiveVersion = 1;
	classes = {
	};
	objectVersion = 46;
	objects = {

/* Begin PBXBuildFile section */
		14C210F287793888D9C7E063 /* libPods-RetroNetworking.a in Frameworks */ = {isa = PBXBuildFile; fileRef = 812001A5AB5F64BD62704B74 /* libPods-RetroNetworking.a */; };
		5E195039D3BF99E0188316C7 /* RNClient.m in Sources */ = {isa = PBXBuildFile; fileRef = 5E195B27F90B068951CDC12F /* RNClient.m */; };
		5E195379180FCCBF94F05FAA /* main.m in Sources */ = {isa = PBXBuildFile; fileRef = 5E19578B9C428B7C4897477C /* main.m */; };
		5E19564A13DB6B30177A3062 /* AppDelegate.m in Sources */ = {isa = PBXBuildFile; fileRef = 5E19517AA64C05697CD1A64B /* AppDelegate.m */; };
		5E19580D656A6B57B10118EA /* Assets.xcassets in Resources */ = {isa = PBXBuildFile; fileRef = 5E19562FBE2578F1BB43A898 /* Assets.xcassets */; };
		5E195A0E7A65475BD0DF15C2 /* LaunchScreen.storyboard in Resources */ = {isa = PBXBuildFile; fileRef = 5E195EB3A9D2148CC521967B /* LaunchScreen.storyboard */; };
		5E195CFB64E89FB19F493442 /* ViewController.m in Sources */ = {isa = PBXBuildFile; fileRef = 5E195E814AA8EB7EA7605CE5 /* ViewController.m */; };
		5E195EF45949C13C9E160B53 /* Main.storyboard in Resources */ = {isa = PBXBuildFile; fileRef = 5E19551FB3CB8A1AC11EF578 /* Main.storyboard */; };
/* End PBXBuildFile section */

/* Begin PBXFileReference section */
		011F57D34F4DFA9542FAA66F /* Pods-RetroNetworking.debug.xcconfig */ = {isa = PBXFileReference; includeInIndex = 1; lastKnownFileType = text.xcconfig; name = "Pods-RetroNetworking.debug.xcconfig"; path = "Pods/Target Support Files/Pods-RetroNetworking/Pods-RetroNetworking.debug.xcconfig"; sourceTree = "<group>"; };
		5E19502816718DB5CFB138DA /* ViewController.h */ = {isa = PBXFileReference; lastKnownFileType = sourcecode.c.h; path = ViewController.h; sourceTree = "<group>"; };
		5E19517039CC9F86A2E8B4BB /* Base */ = {isa = PBXFileReference; lastKnownFileType = file.storyboard; name = Base; path = Base.lproj/Main.storyboard; sourceTree = "<group>"; };
		5E19517AA64C05697CD1A64B /* AppDelegate.m */ = {isa = PBXFileReference; lastKnownFileType = sourcecode.c.objc; path = AppDelegate.m; sourceTree = "<group>"; };
		5E19549E884CD396E62AF21A /* Info.plist */ = {isa = PBXFileReference; lastKnownFileType = text.plist.info; path = Info.plist; sourceTree = "<group>"; };
		5E19562FBE2578F1BB43A898 /* Assets.xcassets */ = {isa = PBXFileReference; lastKnownFileType = folder.assetcatalog; path = Assets.xcassets; sourceTree = "<group>"; };
		5E19578B9C428B7C4897477C /* main.m */ = {isa = PBXFileReference; lastKnownFileType = sourcecode.c.objc; path = main.m; sourceTree = "<group>"; };
		5E195ABD2EE8CD3FBA0FD232 /* Base */ = {isa = PBXFileReference; lastKnownFileType = file.storyboard; name = Base; path = Base.lproj/LaunchScreen.storyboard; sourceTree = "<group>"; };
		5E195B27F90B068951CDC12F /* RNClient.m */ = {isa = PBXFileReference; fileEncoding = 4; lastKnownFileType = sourcecode.c.objc; path = RNClient.m; sourceTree = "<group>"; };
		5E195E529E8F2D69F8772441 /* RNClient.h */ = {isa = PBXFileReference; fileEncoding = 4; lastKnownFileType = sourcecode.c.h; path = RNClient.h; sourceTree = "<group>"; };
		5E195E814AA8EB7EA7605CE5 /* ViewController.m */ = {isa = PBXFileReference; lastKnownFileType = sourcecode.c.objc; path = ViewController.m; sourceTree = "<group>"; };
		5E195E95CA41091FEBB46658 /* AppDelegate.h */ = {isa = PBXFileReference; lastKnownFileType = sourcecode.c.h; path = AppDelegate.h; sourceTree = "<group>"; };
		5E195F044F83FB0ED60E42C3 /* RetroNetworking.app */ = {isa = PBXFileReference; explicitFileType = wrapper.application; includeInIndex = 0; path = RetroNetworking.app; sourceTree = BUILT_PRODUCTS_DIR; };
		812001A5AB5F64BD62704B74 /* libPods-RetroNetworking.a */ = {isa = PBXFileReference; explicitFileType = archive.ar; includeInIndex = 0; path = "libPods-RetroNetworking.a"; sourceTree = BUILT_PRODUCTS_DIR; };
		E6AA27EFBC4489CF51294A30 /* Pods-RetroNetworking.release.xcconfig */ = {isa = PBXFileReference; includeInIndex = 1; lastKnownFileType = text.xcconfig; name = "Pods-RetroNetworking.release.xcconfig"; path = "Pods/Target Support Files/Pods-RetroNetworking/Pods-RetroNetworking.release.xcconfig"; sourceTree = "<group>"; };
/* End PBXFileReference section */

/* Begin PBXFrameworksBuildPhase section */
		5E19500D05B58591E7F2FFE1 /* Frameworks */ = {
			isa = PBXFrameworksBuildPhase;
			buildActionMask = 2147483647;
			files = (
				14C210F287793888D9C7E063 /* libPods-RetroNetworking.a in Frameworks */,
			);
			runOnlyForDeploymentPostprocessing = 0;
		};
/* End PBXFrameworksBuildPhase section */

/* Begin PBXGroup section */
		0EB5077976EFF3A7947D80E9 /* Frameworks */ = {
			isa = PBXGroup;
			children = (
				812001A5AB5F64BD62704B74 /* libPods-RetroNetworking.a */,
			);
			name = Frameworks;
			sourceTree = "<group>";
		};
		5E195212A667B2D015EAF9EE /* RetroNetworking */ = {
			isa = PBXGroup;
			children = (
				5E19549E884CD396E62AF21A /* Info.plist */,
				5E19562FBE2578F1BB43A898 /* Assets.xcassets */,
				5E195EB3A9D2148CC521967B /* LaunchScreen.storyboard */,
				5E195C0C15E3D62B61FE40E8 /* Supporting Files */,
				5E195E95CA41091FEBB46658 /* AppDelegate.h */,
				5E19517AA64C05697CD1A64B /* AppDelegate.m */,
				5E19551FB3CB8A1AC11EF578 /* Main.storyboard */,
				5E19502816718DB5CFB138DA /* ViewController.h */,
				5E195E814AA8EB7EA7605CE5 /* ViewController.m */,
				5E195E529E8F2D69F8772441 /* RNClient.h */,
				5E195B27F90B068951CDC12F /* RNClient.m */,
			);
			path = RetroNetworking;
			sourceTree = "<group>";
		};
		5E19552C73A1AB9313E43D9D /* Products */ = {
			isa = PBXGroup;
			children = (
				5E195F044F83FB0ED60E42C3 /* RetroNetworking.app */,
			);
			name = Products;
			sourceTree = "<group>";
		};
		5E195C0C15E3D62B61FE40E8 /* Supporting Files */ = {
			isa = PBXGroup;
			children = (
				5E19578B9C428B7C4897477C /* main.m */,
			);
			name = "Supporting Files";
			sourceTree = "<group>";
		};
		5E195D07791446EAA724BDB5 = {
			isa = PBXGroup;
			children = (
				5E19552C73A1AB9313E43D9D /* Products */,
				5E195212A667B2D015EAF9EE /* RetroNetworking */,
				970B2C39B6B661AAEB18FDD9 /* Pods */,
				0EB5077976EFF3A7947D80E9 /* Frameworks */,
			);
			sourceTree = "<group>";
		};
		970B2C39B6B661AAEB18FDD9 /* Pods */ = {
			isa = PBXGroup;
			children = (
				011F57D34F4DFA9542FAA66F /* Pods-RetroNetworking.debug.xcconfig */,
				E6AA27EFBC4489CF51294A30 /* Pods-RetroNetworking.release.xcconfig */,
			);
			name = Pods;
			sourceTree = "<group>";
		};
/* End PBXGroup section */

/* Begin PBXNativeTarget section */
		5E195474A5E535B2FD72DFDC /* RetroNetworking */ = {
			isa = PBXNativeTarget;
			buildConfigurationList = 5E195B00CC9D1B6B27820BA6 /* Build configuration list for PBXNativeTarget "RetroNetworking" */;
			buildPhases = (
				8AF1903AC9C307B02B74458C /* [CP] Check Pods Manifest.lock */,
				5E19553597A69906F5D59947 /* Sources */,
				5E19500D05B58591E7F2FFE1 /* Frameworks */,
				5E195B6D7A6D7FE796242D57 /* Resources */,
				D625802124A0A41938D04121 /* [CP] Embed Pods Frameworks */,
				ADEFEA477148931CDBA9AC03 /* [CP] Copy Pods Resources */,
			);
			buildRules = (
			);
			dependencies = (
			);
			name = RetroNetworking;
			productName = RetroNetworking;
			productReference = 5E195F044F83FB0ED60E42C3 /* RetroNetworking.app */;
			productType = "com.apple.product-type.application";
		};
/* End PBXNativeTarget section */

/* Begin PBXProject section */
		5E1955ACA48452D7E9A977A8 /* Project object */ = {
			isa = PBXProject;
			attributes = {
				ORGANIZATIONNAME = ivna;
			};
			buildConfigurationList = 5E195E714CC6242E1D8EDB9A /* Build configuration list for PBXProject "RetroNetworking" */;
			compatibilityVersion = "Xcode 3.2";
			developmentRegion = English;
			hasScannedForEncodings = 0;
			knownRegions = (
				en,
			);
			mainGroup = 5E195D07791446EAA724BDB5;
			productRefGroup = 5E19552C73A1AB9313E43D9D /* Products */;
			projectDirPath = "";
			projectRoot = "";
			targets = (
				5E195474A5E535B2FD72DFDC /* RetroNetworking */,
			);
		};
/* End PBXProject section */

/* Begin PBXResourcesBuildPhase section */
		5E195B6D7A6D7FE796242D57 /* Resources */ = {
			isa = PBXResourcesBuildPhase;
			buildActionMask = 2147483647;
			files = (
				5E19580D656A6B57B10118EA /* Assets.xcassets in Resources */,
				5E195A0E7A65475BD0DF15C2 /* LaunchScreen.storyboard in Resources */,
				5E195EF45949C13C9E160B53 /* Main.storyboard in Resources */,
			);
			runOnlyForDeploymentPostprocessing = 0;
		};
/* End PBXResourcesBuildPhase section */

/* Begin PBXShellScriptBuildPhase section */
		8AF1903AC9C307B02B74458C /* [CP] Check Pods Manifest.lock */ = {
			isa = PBXShellScriptBuildPhase;
			buildActionMask = 2147483647;
			files = (
			);
			inputPaths = (
			);
			name = "[CP] Check Pods Manifest.lock";
			outputPaths = (
			);
			runOnlyForDeploymentPostprocessing = 0;
			shellPath = /bin/sh;
			shellScript = "diff \"${PODS_PODFILE_DIR_PATH}/Podfile.lock\" \"${PODS_ROOT}/Manifest.lock\" > /dev/null\nif [ $? != 0 ] ; then\n    # print error to STDERR\n    echo \"error: The sandbox is not in sync with the Podfile.lock. Run 'pod install' or update your CocoaPods installation.\" >&2\n    exit 1\nfi\n";
			showEnvVarsInLog = 0;
		};
		ADEFEA477148931CDBA9AC03 /* [CP] Copy Pods Resources */ = {
			isa = PBXShellScriptBuildPhase;
			buildActionMask = 2147483647;
			files = (
			);
			inputPaths = (
			);
			name = "[CP] Copy Pods Resources";
			outputPaths = (
			);
			runOnlyForDeploymentPostprocessing = 0;
			shellPath = /bin/sh;
			shellScript = "\"${SRCROOT}/Pods/Target Support Files/Pods-RetroNetworking/Pods-RetroNetworking-resources.sh\"\n";
			showEnvVarsInLog = 0;
		};
		D625802124A0A41938D04121 /* [CP] Embed Pods Frameworks */ = {
			isa = PBXShellScriptBuildPhase;
			buildActionMask = 2147483647;
			files = (
			);
			inputPaths = (
			);
			name = "[CP] Embed Pods Frameworks";
			outputPaths = (
			);
			runOnlyForDeploymentPostprocessing = 0;
			shellPath = /bin/sh;
			shellScript = "\"${SRCROOT}/Pods/Target Support Files/Pods-RetroNetworking/Pods-RetroNetworking-frameworks.sh\"\n";
			showEnvVarsInLog = 0;
		};
/* End PBXShellScriptBuildPhase section */

/* Begin PBXSourcesBuildPhase section */
		5E19553597A69906F5D59947 /* Sources */ = {
			isa = PBXSourcesBuildPhase;
			buildActionMask = 2147483647;
			files = (
				5E195379180FCCBF94F05FAA /* main.m in Sources */,
				5E19564A13DB6B30177A3062 /* AppDelegate.m in Sources */,
				5E195CFB64E89FB19F493442 /* ViewController.m in Sources */,
				5E195039D3BF99E0188316C7 /* RNClient.m in Sources */,
			);
			runOnlyForDeploymentPostprocessing = 0;
		};
/* End PBXSourcesBuildPhase section */

/* Begin PBXVariantGroup section */
		5E19551FB3CB8A1AC11EF578 /* Main.storyboard */ = {
			isa = PBXVariantGroup;
			children = (
				5E19517039CC9F86A2E8B4BB /* Base */,
			);
			name = Main.storyboard;
			sourceTree = "<group>";
		};
		5E195EB3A9D2148CC521967B /* LaunchScreen.storyboard */ = {
			isa = PBXVariantGroup;
			children = (
				5E195ABD2EE8CD3FBA0FD232 /* Base */,
			);
			name = LaunchScreen.storyboard;
			sourceTree = "<group>";
		};
/* End PBXVariantGroup section */

/* Begin XCBuildConfiguration section */
		5E19569399CE86810DCCB442 /* Debug */ = {
			isa = XCBuildConfiguration;
			buildSettings = {
				ALWAYS_SEARCH_USER_PATHS = NO;
				CLANG_ANALYZER_NONNULL = YES;
				CLANG_ANALYZER_NUMBER_OBJECT_CONVERSION = YES_AGGRESSIVE;
				CLANG_CXX_LANGUAGE_STANDARD = "gnu++0x";
				CLANG_CXX_LIBRARY = "libc++";
				CLANG_ENABLE_MODULES = YES;
				CLANG_ENABLE_OBJC_ARC = YES;
				CLANG_WARN_BOOL_CONVERSION = YES;
				CLANG_WARN_CONSTANT_CONVERSION = YES;
				CLANG_WARN_DIRECT_OBJC_ISA_USAGE = YES_ERROR;
				CLANG_WARN_DOCUMENTATION_COMMENTS = YES;
				CLANG_WARN_EMPTY_BODY = YES;
				CLANG_WARN_ENUM_CONVERSION = YES;
				CLANG_WARN_INFINITE_RECURSION = YES;
				CLANG_WARN_INT_CONVERSION = YES;
				CLANG_WARN_OBJC_ROOT_CLASS = YES_ERROR;
				CLANG_WARN_SUSPICIOUS_MOVE = YES;
				CLANG_WARN_UNREACHABLE_CODE = YES;
				CLANG_WARN__DUPLICATE_METHOD_MATCH = YES;
				"CODE_SIGN_IDENTITY[sdk=iphoneos*]" = "iPhone Developer";
				COPY_PHASE_STRIP = NO;
				DEBUG_INFORMATION_FORMAT = dwarf;
				ENABLE_STRICT_OBJC_MSGSEND = YES;
				ENABLE_TESTABILITY = YES;
				GCC_C_LANGUAGE_STANDARD = gnu99;
				GCC_DYNAMIC_NO_PIC = NO;
				GCC_NO_COMMON_BLOCKS = YES;
				GCC_OPTIMIZATION_LEVEL = 0;
				GCC_PREPROCESSOR_DEFINITIONS = (
					"DEBUG=1",
					"$(inherited)",
				);
				GCC_WARN_64_TO_32_BIT_CONVERSION = YES;
				GCC_WARN_ABOUT_RETURN_TYPE = YES_ERROR;
				GCC_WARN_UNDECLARED_SELECTOR = YES;
				GCC_WARN_UNINITIALIZED_AUTOS = YES_AGGRESSIVE;
				GCC_WARN_UNUSED_FUNCTION = YES;
				GCC_WARN_UNUSED_VARIABLE = YES;
				IPHONEOS_DEPLOYMENT_TARGET = 10.3;
				MTL_ENABLE_DEBUG_INFO = YES;
				ONLY_ACTIVE_ARCH = YES;
				SDKROOT = iphoneos;
			};
			name = Debug;
		};
		5E195863E4D2E20760192A78 /* Release */ = {
			isa = XCBuildConfiguration;
			baseConfigurationReference = E6AA27EFBC4489CF51294A30 /* Pods-RetroNetworking.release.xcconfig */;
			buildSettings = {
				ASSETCATALOG_COMPILER_APPICON_NAME = AppIcon;
				INFOPLIST_FILE = RetroNetworking/Info.plist;
				IPHONEOS_DEPLOYMENT_TARGET = 8.0;
				LD_RUNPATH_SEARCH_PATHS = "$(inherited) @executable_path/Frameworks";
				PRODUCT_BUNDLE_IDENTIFIER = com.ivna.RetroNetworking;
				PRODUCT_NAME = "$(TARGET_NAME)";
			};
			name = Release;
		};
		5E195A2B1D7D15300E7754F9 /* Release */ = {
			isa = XCBuildConfiguration;
			buildSettings = {
				ALWAYS_SEARCH_USER_PATHS = NO;
				CLANG_ANALYZER_NONNULL = YES;
				CLANG_ANALYZER_NUMBER_OBJECT_CONVERSION = YES_AGGRESSIVE;
				CLANG_CXX_LANGUAGE_STANDARD = "gnu++0x";
				CLANG_CXX_LIBRARY = "libc++";
				CLANG_ENABLE_MODULES = YES;
				CLANG_ENABLE_OBJC_ARC = YES;
				CLANG_WARN_BOOL_CONVERSION = YES;
				CLANG_WARN_CONSTANT_CONVERSION = YES;
				CLANG_WARN_DIRECT_OBJC_ISA_USAGE = YES_ERROR;
				CLANG_WARN_DOCUMENTATION_COMMENTS = YES;
				CLANG_WARN_EMPTY_BODY = YES;
				CLANG_WARN_ENUM_CONVERSION = YES;
				CLANG_WARN_INFINITE_RECURSION = YES;
				CLANG_WARN_INT_CONVERSION = YES;
				CLANG_WARN_OBJC_ROOT_CLASS = YES_ERROR;
				CLANG_WARN_SUSPICIOUS_MOVE = YES;
				CLANG_WARN_UNREACHABLE_CODE = YES;
				CLANG_WARN__DUPLICATE_METHOD_MATCH = YES;
				"CODE_SIGN_IDENTITY[sdk=iphoneos*]" = "iPhone Developer";
				COPY_PHASE_STRIP = NO;
				DEBUG_INFORMATION_FORMAT = "dwarf-with-dsym";
				ENABLE_NS_ASSERTIONS = NO;
				ENABLE_STRICT_OBJC_MSGSEND = YES;
				GCC_C_LANGUAGE_STANDARD = gnu99;
				GCC_NO_COMMON_BLOCKS = YES;
				GCC_WARN_64_TO_32_BIT_CONVERSION = YES;
				GCC_WARN_ABOUT_RETURN_TYPE = YES_ERROR;
				GCC_WARN_UNDECLARED_SELECTOR = YES;
				GCC_WARN_UNINITIALIZED_AUTOS = YES_AGGRESSIVE;
				GCC_WARN_UNUSED_FUNCTION = YES;
				GCC_WARN_UNUSED_VARIABLE = YES;
				IPHONEOS_DEPLOYMENT_TARGET = 10.3;
				MTL_ENABLE_DEBUG_INFO = NO;
				SDKROOT = iphoneos;
				VALIDATE_PRODUCT = YES;
			};
			name = Release;
		};
		5E195A9E7339FDACA2E5B874 /* Debug */ = {
			isa = XCBuildConfiguration;
			baseConfigurationReference = 011F57D34F4DFA9542FAA66F /* Pods-RetroNetworking.debug.xcconfig */;
			buildSettings = {
				ASSETCATALOG_COMPILER_APPICON_NAME = AppIcon;
				INFOPLIST_FILE = RetroNetworking/Info.plist;
				IPHONEOS_DEPLOYMENT_TARGET = 8.0;
				LD_RUNPATH_SEARCH_PATHS = "$(inherited) @executable_path/Frameworks";
				PRODUCT_BUNDLE_IDENTIFIER = com.ivna.RetroNetworking;
				PRODUCT_NAME = "$(TARGET_NAME)";
			};
			name = Debug;
		};
/* End XCBuildConfiguration section */

/* Begin XCConfigurationList section */
		5E195B00CC9D1B6B27820BA6 /* Build configuration list for PBXNativeTarget "RetroNetworking" */ = {
			isa = XCConfigurationList;
			buildConfigurations = (
				5E195A9E7339FDACA2E5B874 /* Debug */,
				5E195863E4D2E20760192A78 /* Release */,
			);
			defaultConfigurationIsVisible = 0;
			defaultConfigurationName = Release;
		};
		5E195E714CC6242E1D8EDB9A /* Build configuration list for PBXProject "RetroNetworking" */ = {
			isa = XCConfigurationList;
			buildConfigurations = (
				5E19569399CE86810DCCB442 /* Debug */,
				5E195A2B1D7D15300E7754F9 /* Release */,
			);
			defaultConfigurationIsVisible = 0;
			defaultConfigurationName = Release;
		};
/* End XCConfigurationList section */
	};
	rootObject = 5E1955ACA48452D7E9A977A8 /* Project object */;
}
